
Microsoft Visual Studio Solution File, Format Version 12.00
# Visual Studio Version 17
VisualStudioVersion = 17.5.002.0
MinimumVisualStudioVersion = 10.0.40219.1
Project("{9A19103F-16F7-4668-BE54-9A1E7A4F7556}") = "Car_Blog.site", "Car_Blog.site.csproj", "{B18C072E-FC63-45B9-8B34-2213B87BEF99}"
EndProject
Global
	GlobalSection(SolutionConfigurationPlatforms) = preSolution
		Debug|Any CPU = Debug|Any CPU
		Release|Any CPU = Release|Any CPU
	EndGlobalSection
	GlobalSection(ProjectConfigurationPlatforms) = postSolution
		{B18C072E-FC63-45B9-8B34-2213B87BEF99}.Debug|Any CPU.ActiveCfg = Debug|Any CPU
		{B18C072E-FC63-45B9-8B34-2213B87BEF99}.Debug|Any CPU.Build.0 = Debug|Any CPU
		{B18C072E-FC63-45B9-8B34-2213B87BEF99}.Release|Any CPU.ActiveCfg = Release|Any CPU
		{B18C072E-FC63-45B9-8B34-2213B87BEF99}.Release|Any CPU.Build.0 = Release|Any CPU
	EndGlobalSection
	GlobalSection(SolutionProperties) = preSolution
		HideSolutionNode = FALSE
	EndGlobalSection
	GlobalSection(ExtensibilityGlobals) = postSolution
		SolutionGuid = {DF0CBEB6-AEF2-4765-95BC-73D27E119199}
	EndGlobalSection
EndGlobal
